
Microsoft Visual Studio Solution File, Format Version 12.00
# Visual Studio 14
VisualStudioVersion = 14.0.25420.1
MinimumVisualStudioVersion = 10.0.40219.1
Project("{2150E333-8FDC-42A3-9474-1A3956D46DE8}") = "_Documentation", "_Documentation", "{5467AE7E-408D-4BCB-8C9B-8B79FBA8AABB}"
	ProjectSection(SolutionItems) = preProject
		_Documentation\ReadMe.txt = _Documentation\ReadMe.txt
	EndProjectSection
EndProject
Project("{2150E333-8FDC-42A3-9474-1A3956D46DE8}") = "1. Clients", "1. Clients", "{1B7B0F14-935C-4EBA-82BA-4A8E4AF4EBAD}"
EndProject
Project("{2150E333-8FDC-42A3-9474-1A3956D46DE8}") = "2. Managers", "2. Managers", "{FA3D333D-51BA-4A3F-973C-44AE4489AFC3}"
EndProject
Project("{2150E333-8FDC-42A3-9474-1A3956D46DE8}") = "3. Engines", "3. Engines", "{03F78E59-03A5-4AA6-909F-D3227D58F88C}"
EndProject
Project("{2150E333-8FDC-42A3-9474-1A3956D46DE8}") = "4. Accessors", "4. Accessors", "{83DD3FC4-BE4F-4CFF-A6EC-F10A3751EA51}"
EndProject
Project("{2150E333-8FDC-42A3-9474-1A3956D46DE8}") = "5. Common", "5. Common", "{95B92E84-466E-484E-A040-0DC3121F3321}"
EndProject
Project("{2150E333-8FDC-42A3-9474-1A3956D46DE8}") = "9. Tests", "9. Tests", "{57DBDF3D-11DE-4A59-A8DA-190E46A054E3}"
EndProject
Project("{2150E333-8FDC-42A3-9474-1A3956D46DE8}") = "6. Database", "6. Database", "{027E9A12-8219-4157-BFBA-C75E1B526AEA}"
EndProject
Project("{FAE04EC0-301F-11D3-BF4B-00C04F79EFBC}") = "Managers", "DPLRef.eCommerce.Managers\Managers.csproj", "{2CA96D44-746A-4C8C-814D-703614CA4292}"
EndProject
Project("{FAE04EC0-301F-11D3-BF4B-00C04F79EFBC}") = "Engines", "DPLRef.eCommerce.Engines\Engines.csproj", "{6B725ADC-1F27-4B12-9631-498FC61EAA1F}"
EndProject
Project("{FAE04EC0-301F-11D3-BF4B-00C04F79EFBC}") = "Accessors", "DPLRef.eCommerce.Accessors\Accessors.csproj", "{135A3C97-39A6-44DB-A9AE-6B4D387F4190}"
EndProject
Project("{FAE04EC0-301F-11D3-BF4B-00C04F79EFBC}") = "Tests.SmokeTests", "DPLRef.eCommerce.Tests.SmokeTests\Tests.SmokeTests.csproj", "{1D88ECFD-F591-4D3C-89FD-9B5E984D0A37}"
EndProject
Project("{FAE04EC0-301F-11D3-BF4B-00C04F79EFBC}") = "Common.Shared", "DPLRef.eCommerce.Common.Shared\Common.Shared.csproj", "{42765E7D-6725-4FEB-96DA-DEF1FD60C98C}"
EndProject
Project("{FAE04EC0-301F-11D3-BF4B-00C04F79EFBC}") = "Database", "DPLRef.eCommerce.Database\Database.csproj", "{24FDDEA3-6DF6-4CC1-89FD-C7D9843658E8}"
EndProject
Project("{FAE04EC0-301F-11D3-BF4B-00C04F79EFBC}") = "Tests.ManagerTests", "DPLRef.eCommerce.Tests.ManagerTests\Tests.ManagerTests.csproj", "{76C7E1AE-D3F9-42AF-9460-B9901BBB3451}"
EndProject
Project("{FAE04EC0-301F-11D3-BF4B-00C04F79EFBC}") = "AccessorTests", "DPLRef.eCommerce.Tests.AccessorTests\AccessorTests.csproj", "{AF83D718-F410-4671-8130-7E7FE4E734C0}"
EndProject
Project("{FAE04EC0-301F-11D3-BF4B-00C04F79EFBC}") = "Contracts.WebStore", "DPLRef.eCommerce.Contracts.Webstore\Contracts.WebStore.csproj", "{D20BB92D-8401-476C-BA1B-48183D81287A}"
EndProject
Project("{FAE04EC0-301F-11D3-BF4B-00C04F79EFBC}") = "Contracts.Admin", "DPLRef.eCommerce.Contracts.Admin\Contracts.Admin.csproj", "{80AA11BD-8E8C-460B-82DD-A1F9ED4DD89D}"
EndProject
Project("{FAE04EC0-301F-11D3-BF4B-00C04F79EFBC}") = "Client.Admin", "DPLRef.eCommerce.Client.Admin\Client.Admin.csproj", "{D3823512-B9E5-4240-AC17-73711BA95551}"
EndProject
Project("{FAE04EC0-301F-11D3-BF4B-00C04F79EFBC}") = "Client.WebStore", "DPLRef.eCommerce.Client.WebStore\Client.WebStore.csproj", "{ECD14047-8625-4925-9E75-E8B99982337D}"
EndProject
Project("{FAE04EC0-301F-11D3-BF4B-00C04F79EFBC}") = "Client.BackOfficeAdmin", "DPLRef.eCommerce.Client.BackOfficeAdmin\Client.BackOfficeAdmin.csproj", "{420E7775-230F-4A59-A3EE-C18E08688831}"
EndProject
Project("{FAE04EC0-301F-11D3-BF4B-00C04F79EFBC}") = "Contracts.BackOfficeAdmin", "DPLRef.eCommerce.Contracts.BackOfficeAdmin\Contracts.BackOfficeAdmin.csproj", "{54A4D578-AAF0-4C5B-850E-7CDC2A5920D1}"
EndProject
Project("{2150E333-8FDC-42A3-9474-1A3956D46DE8}") = "Analysis", "Analysis", "{FD5535AB-35CA-46DE-AF47-8D0FBA798809}"
	ProjectSection(SolutionItems) = preProject
		_Documentation\Analysis\eCommerce Analysis.docx = _Documentation\Analysis\eCommerce Analysis.docx
	EndProjectSection
EndProject
Project("{2150E333-8FDC-42A3-9474-1A3956D46DE8}") = "Design", "Design", "{725143E1-92A4-4CBB-AADC-35053654CD1A}"
	ProjectSection(SolutionItems) = preProject
		_Documentation\Design\eCommerce Architecture Process.pptx = _Documentation\Design\eCommerce Architecture Process.pptx
		_Documentation\Design\Namespaces.txt = _Documentation\Design\Namespaces.txt
		_Documentation\Design\Scratchpad.cs = _Documentation\Design\Scratchpad.cs
		_Documentation\Design\Validation and Detailed Design.docx = _Documentation\Design\Validation and Detailed Design.docx
	EndProjectSection
EndProject
Project("{2150E333-8FDC-42A3-9474-1A3956D46DE8}") = "Requirements", "Requirements", "{6227B0DE-EA67-41E0-A110-08CCA3A57C98}"
	ProjectSection(SolutionItems) = preProject
		_Documentation\Requirements\Stories.xlsx = _Documentation\Requirements\Stories.xlsx
	EndProjectSection
EndProject
Project("{FAE04EC0-301F-11D3-BF4B-00C04F79EFBC}") = "Common.Utilities", "DPLRef.eCommerce.Common.Utilities\Common.Utilities.csproj", "{15D14F35-2770-444F-AF43-32CDFF490903}"
EndProject
Project("{FAE04EC0-301F-11D3-BF4B-00C04F79EFBC}") = "UtilityTests", "DPLRef.eCommerce.Tests.UtilityTests\UtilityTests.csproj", "{76B143E1-8E63-4520-AF10-6BBB33CA518E}"
EndProject
Global
	GlobalSection(SolutionConfigurationPlatforms) = preSolution
		Debug|Any CPU = Debug|Any CPU
		Release|Any CPU = Release|Any CPU
	EndGlobalSection
	GlobalSection(ProjectConfigurationPlatforms) = postSolution
		{2CA96D44-746A-4C8C-814D-703614CA4292}.Debug|Any CPU.ActiveCfg = Debug|Any CPU
		{2CA96D44-746A-4C8C-814D-703614CA4292}.Debug|Any CPU.Build.0 = Debug|Any CPU
		{2CA96D44-746A-4C8C-814D-703614CA4292}.Release|Any CPU.ActiveCfg = Release|Any CPU
		{2CA96D44-746A-4C8C-814D-703614CA4292}.Release|Any CPU.Build.0 = Release|Any CPU
		{6B725ADC-1F27-4B12-9631-498FC61EAA1F}.Debug|Any CPU.ActiveCfg = Debug|Any CPU
		{6B725ADC-1F27-4B12-9631-498FC61EAA1F}.Debug|Any CPU.Build.0 = Debug|Any CPU
		{6B725ADC-1F27-4B12-9631-498FC61EAA1F}.Release|Any CPU.ActiveCfg = Release|Any CPU
		{6B725ADC-1F27-4B12-9631-498FC61EAA1F}.Release|Any CPU.Build.0 = Release|Any CPU
		{135A3C97-39A6-44DB-A9AE-6B4D387F4190}.Debug|Any CPU.ActiveCfg = Debug|Any CPU
		{135A3C97-39A6-44DB-A9AE-6B4D387F4190}.Debug|Any CPU.Build.0 = Debug|Any CPU
		{135A3C97-39A6-44DB-A9AE-6B4D387F4190}.Release|Any CPU.ActiveCfg = Release|Any CPU
		{135A3C97-39A6-44DB-A9AE-6B4D387F4190}.Release|Any CPU.Build.0 = Release|Any CPU
		{1D88ECFD-F591-4D3C-89FD-9B5E984D0A37}.Debug|Any CPU.ActiveCfg = Debug|Any CPU
		{1D88ECFD-F591-4D3C-89FD-9B5E984D0A37}.Debug|Any CPU.Build.0 = Debug|Any CPU
		{1D88ECFD-F591-4D3C-89FD-9B5E984D0A37}.Release|Any CPU.ActiveCfg = Release|Any CPU
		{1D88ECFD-F591-4D3C-89FD-9B5E984D0A37}.Release|Any CPU.Build.0 = Release|Any CPU
		{42765E7D-6725-4FEB-96DA-DEF1FD60C98C}.Debug|Any CPU.ActiveCfg = Debug|Any CPU
		{42765E7D-6725-4FEB-96DA-DEF1FD60C98C}.Debug|Any CPU.Build.0 = Debug|Any CPU
		{42765E7D-6725-4FEB-96DA-DEF1FD60C98C}.Release|Any CPU.ActiveCfg = Release|Any CPU
		{42765E7D-6725-4FEB-96DA-DEF1FD60C98C}.Release|Any CPU.Build.0 = Release|Any CPU
		{24FDDEA3-6DF6-4CC1-89FD-C7D9843658E8}.Debug|Any CPU.ActiveCfg = Debug|Any CPU
		{24FDDEA3-6DF6-4CC1-89FD-C7D9843658E8}.Debug|Any CPU.Build.0 = Debug|Any CPU
		{24FDDEA3-6DF6-4CC1-89FD-C7D9843658E8}.Release|Any CPU.ActiveCfg = Release|Any CPU
		{24FDDEA3-6DF6-4CC1-89FD-C7D9843658E8}.Release|Any CPU.Build.0 = Release|Any CPU
		{76C7E1AE-D3F9-42AF-9460-B9901BBB3451}.Debug|Any CPU.ActiveCfg = Debug|Any CPU
		{76C7E1AE-D3F9-42AF-9460-B9901BBB3451}.Debug|Any CPU.Build.0 = Debug|Any CPU
		{76C7E1AE-D3F9-42AF-9460-B9901BBB3451}.Release|Any CPU.ActiveCfg = Release|Any CPU
		{76C7E1AE-D3F9-42AF-9460-B9901BBB3451}.Release|Any CPU.Build.0 = Release|Any CPU
		{AF83D718-F410-4671-8130-7E7FE4E734C0}.Debug|Any CPU.ActiveCfg = Debug|Any CPU
		{AF83D718-F410-4671-8130-7E7FE4E734C0}.Debug|Any CPU.Build.0 = Debug|Any CPU
		{AF83D718-F410-4671-8130-7E7FE4E734C0}.Release|Any CPU.ActiveCfg = Release|Any CPU
		{AF83D718-F410-4671-8130-7E7FE4E734C0}.Release|Any CPU.Build.0 = Release|Any CPU
		{D20BB92D-8401-476C-BA1B-48183D81287A}.Debug|Any CPU.ActiveCfg = Debug|Any CPU
		{D20BB92D-8401-476C-BA1B-48183D81287A}.Debug|Any CPU.Build.0 = Debug|Any CPU
		{D20BB92D-8401-476C-BA1B-48183D81287A}.Release|Any CPU.ActiveCfg = Release|Any CPU
		{D20BB92D-8401-476C-BA1B-48183D81287A}.Release|Any CPU.Build.0 = Release|Any CPU
		{80AA11BD-8E8C-460B-82DD-A1F9ED4DD89D}.Debug|Any CPU.ActiveCfg = Debug|Any CPU
		{80AA11BD-8E8C-460B-82DD-A1F9ED4DD89D}.Debug|Any CPU.Build.0 = Debug|Any CPU
		{80AA11BD-8E8C-460B-82DD-A1F9ED4DD89D}.Release|Any CPU.ActiveCfg = Release|Any CPU
		{80AA11BD-8E8C-460B-82DD-A1F9ED4DD89D}.Release|Any CPU.Build.0 = Release|Any CPU
		{D3823512-B9E5-4240-AC17-73711BA95551}.Debug|Any CPU.ActiveCfg = Debug|Any CPU
		{D3823512-B9E5-4240-AC17-73711BA95551}.Debug|Any CPU.Build.0 = Debug|Any CPU
		{D3823512-B9E5-4240-AC17-73711BA95551}.Release|Any CPU.ActiveCfg = Release|Any CPU
		{D3823512-B9E5-4240-AC17-73711BA95551}.Release|Any CPU.Build.0 = Release|Any CPU
		{ECD14047-8625-4925-9E75-E8B99982337D}.Debug|Any CPU.ActiveCfg = Debug|Any CPU
		{ECD14047-8625-4925-9E75-E8B99982337D}.Debug|Any CPU.Build.0 = Debug|Any CPU
		{ECD14047-8625-4925-9E75-E8B99982337D}.Release|Any CPU.ActiveCfg = Release|Any CPU
		{ECD14047-8625-4925-9E75-E8B99982337D}.Release|Any CPU.Build.0 = Release|Any CPU
		{420E7775-230F-4A59-A3EE-C18E08688831}.Debug|Any CPU.ActiveCfg = Debug|Any CPU
		{420E7775-230F-4A59-A3EE-C18E08688831}.Debug|Any CPU.Build.0 = Debug|Any CPU
		{420E7775-230F-4A59-A3EE-C18E08688831}.Release|Any CPU.ActiveCfg = Release|Any CPU
		{420E7775-230F-4A59-A3EE-C18E08688831}.Release|Any CPU.Build.0 = Release|Any CPU
		{54A4D578-AAF0-4C5B-850E-7CDC2A5920D1}.Debug|Any CPU.ActiveCfg = Debug|Any CPU
		{54A4D578-AAF0-4C5B-850E-7CDC2A5920D1}.Debug|Any CPU.Build.0 = Debug|Any CPU
		{54A4D578-AAF0-4C5B-850E-7CDC2A5920D1}.Release|Any CPU.ActiveCfg = Release|Any CPU
		{54A4D578-AAF0-4C5B-850E-7CDC2A5920D1}.Release|Any CPU.Build.0 = Release|Any CPU
		{15D14F35-2770-444F-AF43-32CDFF490903}.Debug|Any CPU.ActiveCfg = Debug|Any CPU
		{15D14F35-2770-444F-AF43-32CDFF490903}.Debug|Any CPU.Build.0 = Debug|Any CPU
		{15D14F35-2770-444F-AF43-32CDFF490903}.Release|Any CPU.ActiveCfg = Release|Any CPU
		{15D14F35-2770-444F-AF43-32CDFF490903}.Release|Any CPU.Build.0 = Release|Any CPU
		{76B143E1-8E63-4520-AF10-6BBB33CA518E}.Debug|Any CPU.ActiveCfg = Debug|Any CPU
		{76B143E1-8E63-4520-AF10-6BBB33CA518E}.Debug|Any CPU.Build.0 = Debug|Any CPU
		{76B143E1-8E63-4520-AF10-6BBB33CA518E}.Release|Any CPU.ActiveCfg = Release|Any CPU
		{76B143E1-8E63-4520-AF10-6BBB33CA518E}.Release|Any CPU.Build.0 = Release|Any CPU
	EndGlobalSection
	GlobalSection(SolutionProperties) = preSolution
		HideSolutionNode = FALSE
	EndGlobalSection
	GlobalSection(NestedProjects) = preSolution
		{2CA96D44-746A-4C8C-814D-703614CA4292} = {FA3D333D-51BA-4A3F-973C-44AE4489AFC3}
		{6B725ADC-1F27-4B12-9631-498FC61EAA1F} = {03F78E59-03A5-4AA6-909F-D3227D58F88C}
		{135A3C97-39A6-44DB-A9AE-6B4D387F4190} = {83DD3FC4-BE4F-4CFF-A6EC-F10A3751EA51}
		{1D88ECFD-F591-4D3C-89FD-9B5E984D0A37} = {57DBDF3D-11DE-4A59-A8DA-190E46A054E3}
		{42765E7D-6725-4FEB-96DA-DEF1FD60C98C} = {95B92E84-466E-484E-A040-0DC3121F3321}
		{24FDDEA3-6DF6-4CC1-89FD-C7D9843658E8} = {027E9A12-8219-4157-BFBA-C75E1B526AEA}
		{76C7E1AE-D3F9-42AF-9460-B9901BBB3451} = {57DBDF3D-11DE-4A59-A8DA-190E46A054E3}
		{AF83D718-F410-4671-8130-7E7FE4E734C0} = {57DBDF3D-11DE-4A59-A8DA-190E46A054E3}
		{D20BB92D-8401-476C-BA1B-48183D81287A} = {FA3D333D-51BA-4A3F-973C-44AE4489AFC3}
		{80AA11BD-8E8C-460B-82DD-A1F9ED4DD89D} = {FA3D333D-51BA-4A3F-973C-44AE4489AFC3}
		{D3823512-B9E5-4240-AC17-73711BA95551} = {1B7B0F14-935C-4EBA-82BA-4A8E4AF4EBAD}
		{ECD14047-8625-4925-9E75-E8B99982337D} = {1B7B0F14-935C-4EBA-82BA-4A8E4AF4EBAD}
		{420E7775-230F-4A59-A3EE-C18E08688831} = {1B7B0F14-935C-4EBA-82BA-4A8E4AF4EBAD}
		{54A4D578-AAF0-4C5B-850E-7CDC2A5920D1} = {FA3D333D-51BA-4A3F-973C-44AE4489AFC3}
		{FD5535AB-35CA-46DE-AF47-8D0FBA798809} = {5467AE7E-408D-4BCB-8C9B-8B79FBA8AABB}
		{725143E1-92A4-4CBB-AADC-35053654CD1A} = {5467AE7E-408D-4BCB-8C9B-8B79FBA8AABB}
		{6227B0DE-EA67-41E0-A110-08CCA3A57C98} = {5467AE7E-408D-4BCB-8C9B-8B79FBA8AABB}
		{15D14F35-2770-444F-AF43-32CDFF490903} = {95B92E84-466E-484E-A040-0DC3121F3321}
		{76B143E1-8E63-4520-AF10-6BBB33CA518E} = {57DBDF3D-11DE-4A59-A8DA-190E46A054E3}
	EndGlobalSection
EndGlobal
